
Microsoft Visual Studio Solution File, Format Version 12.00
# Visual Studio Version 17
VisualStudioVersion = 17.1.32414.318
MinimumVisualStudioVersion = 10.0.40219.1
Project("{FAE04EC0-301F-11D3-BF4B-00C04F79EFBC}") = "Group", "Group.csproj", "{5198AF63-24E9-4C38-BA61-7D3308FB9EA6}"
EndProject
Global
	GlobalSection(SolutionConfigurationPlatforms) = preSolution
		Debug|Any CPU = Debug|Any CPU
		Release|Any CPU = Release|Any CPU
	EndGlobalSection
	GlobalSection(ProjectConfigurationPlatforms) = postSolution
		{5198AF63-24E9-4C38-BA61-7D3308FB9EA6}.Debug|Any CPU.ActiveCfg = Debug|Any CPU
		{5198AF63-24E9-4C38-BA61-7D3308FB9EA6}.Debug|Any CPU.Build.0 = Debug|Any CPU
		{5198AF63-24E9-4C38-BA61-7D3308FB9EA6}.Release|Any CPU.ActiveCfg = Release|Any CPU
		{5198AF63-24E9-4C38-BA61-7D3308FB9EA6}.Release|Any CPU.Build.0 = Release|Any CPU
	EndGlobalSection
	GlobalSection(SolutionProperties) = preSolution
		HideSolutionNode = FALSE
	EndGlobalSection
	GlobalSection(ExtensibilityGlobals) = postSolution
		SolutionGuid = {87BDC17F-CA74-4FAE-8767-410A152A98E8}
	EndGlobalSection
EndGlobal
