
Microsoft Visual Studio Solution File, Format Version 12.00
# Visual Studio Version 17
VisualStudioVersion = 17.1.32414.318
MinimumVisualStudioVersion = 10.0.40219.1
Project("{FAE04EC0-301F-11D3-BF4B-00C04F79EFBC}") = "Group2", "Group2.csproj", "{81873E71-36B6-4949-B009-40D8CF316369}"
EndProject
Global
	GlobalSection(SolutionConfigurationPlatforms) = preSolution
		Debug|Any CPU = Debug|Any CPU
		Release|Any CPU = Release|Any CPU
	EndGlobalSection
	GlobalSection(ProjectConfigurationPlatforms) = postSolution
		{81873E71-36B6-4949-B009-40D8CF316369}.Debug|Any CPU.ActiveCfg = Debug|Any CPU
		{81873E71-36B6-4949-B009-40D8CF316369}.Debug|Any CPU.Build.0 = Debug|Any CPU
		{81873E71-36B6-4949-B009-40D8CF316369}.Release|Any CPU.ActiveCfg = Release|Any CPU
		{81873E71-36B6-4949-B009-40D8CF316369}.Release|Any CPU.Build.0 = Release|Any CPU
	EndGlobalSection
	GlobalSection(SolutionProperties) = preSolution
		HideSolutionNode = FALSE
	EndGlobalSection
	GlobalSection(ExtensibilityGlobals) = postSolution
		SolutionGuid = {B6FB5B0C-6C1E-45F3-831B-312B11577988}
	EndGlobalSection
EndGlobal
